
Microsoft Visual Studio Solution File, Format Version 12.00
# Visual Studio Version 16
VisualStudioVersion = 25.0.1706.9
MinimumVisualStudioVersion = 10.0.40219.1
Project("{FAE04EC0-301F-11D3-BF4B-00C04F79EFBC}") = "BuildVMApp.Android", "BuildVMApp\BuildVMApp.Android\BuildVMApp.Android.csproj", "{E7384DC3-5771-4144-A0EA-C1FD39BB143D}"
EndProject
Project("{FAE04EC0-301F-11D3-BF4B-00C04F79EFBC}") = "BuildVMApp.iOS", "BuildVMApp\BuildVMApp.iOS\BuildVMApp.iOS.csproj", "{170086AF-4B55-4AC2-905F-D4EDF0D5967A}"
EndProject
Project("{FAE04EC0-301F-11D3-BF4B-00C04F79EFBC}") = "BuildVMApp", "BuildVMApp\BuildVMApp\BuildVMApp.csproj", "{FD970130-E9C9-4A0E-A145-A9E253A1DF48}"
EndProject
Global
	GlobalSection(SolutionConfigurationPlatforms) = preSolution
		Debug|Any CPU = Debug|Any CPU
		Release|Any CPU = Release|Any CPU
		Debug|iPhoneSimulator = Debug|iPhoneSimulator
		Release|iPhoneSimulator = Release|iPhoneSimulator
		Debug|iPhone = Debug|iPhone
		Release|iPhone = Release|iPhone
	EndGlobalSection
	GlobalSection(ProjectConfigurationPlatforms) = postSolution
		{E7384DC3-5771-4144-A0EA-C1FD39BB143D}.Debug|Any CPU.ActiveCfg = Debug|Any CPU
		{E7384DC3-5771-4144-A0EA-C1FD39BB143D}.Debug|Any CPU.Build.0 = Debug|Any CPU
		{E7384DC3-5771-4144-A0EA-C1FD39BB143D}.Release|Any CPU.ActiveCfg = Release|Any CPU
		{E7384DC3-5771-4144-A0EA-C1FD39BB143D}.Release|Any CPU.Build.0 = Release|Any CPU
		{E7384DC3-5771-4144-A0EA-C1FD39BB143D}.Debug|iPhoneSimulator.ActiveCfg = Debug|Any CPU
		{E7384DC3-5771-4144-A0EA-C1FD39BB143D}.Debug|iPhoneSimulator.Build.0 = Debug|Any CPU
		{E7384DC3-5771-4144-A0EA-C1FD39BB143D}.Release|iPhoneSimulator.ActiveCfg = Release|Any CPU
		{E7384DC3-5771-4144-A0EA-C1FD39BB143D}.Release|iPhoneSimulator.Build.0 = Release|Any CPU
		{E7384DC3-5771-4144-A0EA-C1FD39BB143D}.Debug|iPhone.ActiveCfg = Debug|Any CPU
		{E7384DC3-5771-4144-A0EA-C1FD39BB143D}.Debug|iPhone.Build.0 = Debug|Any CPU
		{E7384DC3-5771-4144-A0EA-C1FD39BB143D}.Release|iPhone.ActiveCfg = Release|Any CPU
		{E7384DC3-5771-4144-A0EA-C1FD39BB143D}.Release|iPhone.Build.0 = Release|Any CPU
		{170086AF-4B55-4AC2-905F-D4EDF0D5967A}.Debug|Any CPU.ActiveCfg = Debug|iPhoneSimulator
		{170086AF-4B55-4AC2-905F-D4EDF0D5967A}.Debug|Any CPU.Build.0 = Debug|iPhoneSimulator
		{170086AF-4B55-4AC2-905F-D4EDF0D5967A}.Release|Any CPU.ActiveCfg = Release|iPhoneSimulator
		{170086AF-4B55-4AC2-905F-D4EDF0D5967A}.Release|Any CPU.Build.0 = Release|iPhoneSimulator
		{170086AF-4B55-4AC2-905F-D4EDF0D5967A}.Debug|iPhoneSimulator.ActiveCfg = Debug|iPhoneSimulator
		{170086AF-4B55-4AC2-905F-D4EDF0D5967A}.Debug|iPhoneSimulator.Build.0 = Debug|iPhoneSimulator
		{170086AF-4B55-4AC2-905F-D4EDF0D5967A}.Release|iPhoneSimulator.ActiveCfg = Release|iPhoneSimulator
		{170086AF-4B55-4AC2-905F-D4EDF0D5967A}.Release|iPhoneSimulator.Build.0 = Release|iPhoneSimulator
		{170086AF-4B55-4AC2-905F-D4EDF0D5967A}.Debug|iPhone.ActiveCfg = Debug|iPhone
		{170086AF-4B55-4AC2-905F-D4EDF0D5967A}.Debug|iPhone.Build.0 = Debug|iPhone
		{170086AF-4B55-4AC2-905F-D4EDF0D5967A}.Release|iPhone.ActiveCfg = Release|iPhone
		{170086AF-4B55-4AC2-905F-D4EDF0D5967A}.Release|iPhone.Build.0 = Release|iPhone
		{FD970130-E9C9-4A0E-A145-A9E253A1DF48}.Debug|Any CPU.ActiveCfg = Debug|Any CPU
		{FD970130-E9C9-4A0E-A145-A9E253A1DF48}.Debug|Any CPU.Build.0 = Debug|Any CPU
		{FD970130-E9C9-4A0E-A145-A9E253A1DF48}.Release|Any CPU.ActiveCfg = Release|Any CPU
		{FD970130-E9C9-4A0E-A145-A9E253A1DF48}.Release|Any CPU.Build.0 = Release|Any CPU
		{FD970130-E9C9-4A0E-A145-A9E253A1DF48}.Debug|iPhoneSimulator.ActiveCfg = Debug|Any CPU
		{FD970130-E9C9-4A0E-A145-A9E253A1DF48}.Debug|iPhoneSimulator.Build.0 = Debug|Any CPU
		{FD970130-E9C9-4A0E-A145-A9E253A1DF48}.Release|iPhoneSimulator.ActiveCfg = Release|Any CPU
		{FD970130-E9C9-4A0E-A145-A9E253A1DF48}.Release|iPhoneSimulator.Build.0 = Release|Any CPU
		{FD970130-E9C9-4A0E-A145-A9E253A1DF48}.Debug|iPhone.ActiveCfg = Debug|Any CPU
		{FD970130-E9C9-4A0E-A145-A9E253A1DF48}.Debug|iPhone.Build.0 = Debug|Any CPU
		{FD970130-E9C9-4A0E-A145-A9E253A1DF48}.Release|iPhone.ActiveCfg = Release|Any CPU
		{FD970130-E9C9-4A0E-A145-A9E253A1DF48}.Release|iPhone.Build.0 = Release|Any CPU
	EndGlobalSection
	GlobalSection(SolutionProperties) = preSolution
		HideSolutionNode = FALSE
	EndGlobalSection
	GlobalSection(ExtensibilityGlobals) = postSolution
		SolutionGuid = {AEC32CE4-374A-4FDC-B7E2-33E3313BE052}
	EndGlobalSection
EndGlobal
